// !$*UTF8*$!
{
	archiveVersion = 1;
	classes = {
	};
	objectVersion = 50;
	objects = {

/* Begin PBXBuildFile section */
		2795A58EB11CEF254D4640C7 /* Pods_Stiletto_Tests.framework in Frameworks */ = {isa = PBXBuildFile; fileRef = 28FD772090FDEB024B73D43D /* Pods_Stiletto_Tests.framework */; };
		B64722A2696F234816C9671E /* Pods_UnitTests.framework in Frameworks */ = {isa = PBXBuildFile; fileRef = B27E4965A1AA31D8230A6CFC /* Pods_UnitTests.framework */; };
		CD05755520C3DC2500C6995B /* FactoryDefinition.swift in Sources */ = {isa = PBXBuildFile; fileRef = CD05754D20C3015E00C6995B /* FactoryDefinition.swift */; };
		CD05755620C3DC2500C6995B /* Utils.swift in Sources */ = {isa = PBXBuildFile; fileRef = CD05754F20C304E500C6995B /* Utils.swift */; };
		CD05755920C3DD2B00C6995B /* ComponentSpec.swift in Sources */ = {isa = PBXBuildFile; fileRef = CDD9F53820B8619300FBB87F /* ComponentSpec.swift */; };
		CD05756320C3DD8600C6995B /* Stiletto.framework in Frameworks */ = {isa = PBXBuildFile; fileRef = CDD9F51620B85D1100FBB87F /* Stiletto.framework */; };
		CD05756A20C3DEF100C6995B /* FactoryDefinitionSpec.swift in Sources */ = {isa = PBXBuildFile; fileRef = CD05756920C3DEF100C6995B /* FactoryDefinitionSpec.swift */; };
		CD05756C20C3E55500C6995B /* SourceryRuntime.framework in Frameworks */ = {isa = PBXBuildFile; fileRef = CD05751020C2A5A600C6995B /* SourceryRuntime.framework */; };
		CD05756D20C3E56900C6995B /* SourceryRuntime.framework in Frameworks */ = {isa = PBXBuildFile; fileRef = CD05751020C2A5A600C6995B /* SourceryRuntime.framework */; };
		CD05756F20C3E57F00C6995B /* SourceryRuntime.framework in Copy Carthage Frameworks */ = {isa = PBXBuildFile; fileRef = CD05751020C2A5A600C6995B /* SourceryRuntime.framework */; settings = {ATTRIBUTES = (CodeSignOnCopy, RemoveHeadersOnCopy, ); }; };
		CDD9F52020B85D1100FBB87F /* Stiletto.framework in Frameworks */ = {isa = PBXBuildFile; fileRef = CDD9F51620B85D1100FBB87F /* Stiletto.framework */; };
		CDD9F53220B85EFB00FBB87F /* GeneratedCode.swift in Sources */ = {isa = PBXBuildFile; fileRef = CDD9F53120B85EFB00FBB87F /* GeneratedCode.swift */; };
		DC798A8660C6789040C0F907 /* Pods_Stiletto.framework in Frameworks */ = {isa = PBXBuildFile; fileRef = 516F096072858C0B8D51046E /* Pods_Stiletto.framework */; };
/* End PBXBuildFile section */

/* Begin PBXContainerItemProxy section */
		CD05756420C3DD8600C6995B /* PBXContainerItemProxy */ = {
			isa = PBXContainerItemProxy;
			containerPortal = CDD9F50D20B85D1100FBB87F /* Project object */;
			proxyType = 1;
			remoteGlobalIDString = CDD9F51520B85D1100FBB87F;
			remoteInfo = Stiletto;
		};
		CDD9F52120B85D1100FBB87F /* PBXContainerItemProxy */ = {
			isa = PBXContainerItemProxy;
			containerPortal = CDD9F50D20B85D1100FBB87F /* Project object */;
			proxyType = 1;
			remoteGlobalIDString = CDD9F51520B85D1100FBB87F;
			remoteInfo = Stiletto;
		};
/* End PBXContainerItemProxy section */

/* Begin PBXCopyFilesBuildPhase section */
		CD05756E20C3E56E00C6995B /* Copy Carthage Frameworks */ = {
			isa = PBXCopyFilesBuildPhase;
			buildActionMask = 2147483647;
			dstPath = "";
			dstSubfolderSpec = 10;
			files = (
				CD05756F20C3E57F00C6995B /* SourceryRuntime.framework in Copy Carthage Frameworks */,
			);
			name = "Copy Carthage Frameworks";
			runOnlyForDeploymentPostprocessing = 0;
		};
/* End PBXCopyFilesBuildPhase section */

/* Begin PBXFileReference section */
		1E2792BADE2D5863228204FC /* Pods-Stiletto.release.xcconfig */ = {isa = PBXFileReference; includeInIndex = 1; lastKnownFileType = text.xcconfig; name = "Pods-Stiletto.release.xcconfig"; path = "Pods/Target Support Files/Pods-Stiletto/Pods-Stiletto.release.xcconfig"; sourceTree = "<group>"; };
		22F13B837DBD8092CEFB679D /* Pods-UnitTests.release.xcconfig */ = {isa = PBXFileReference; includeInIndex = 1; lastKnownFileType = text.xcconfig; name = "Pods-UnitTests.release.xcconfig"; path = "Pods/Target Support Files/Pods-UnitTests/Pods-UnitTests.release.xcconfig"; sourceTree = "<group>"; };
		28FD772090FDEB024B73D43D /* Pods_Stiletto_Tests.framework */ = {isa = PBXFileReference; explicitFileType = wrapper.framework; includeInIndex = 0; path = Pods_Stiletto_Tests.framework; sourceTree = BUILT_PRODUCTS_DIR; };
		516F096072858C0B8D51046E /* Pods_Stiletto.framework */ = {isa = PBXFileReference; explicitFileType = wrapper.framework; includeInIndex = 0; path = Pods_Stiletto.framework; sourceTree = BUILT_PRODUCTS_DIR; };
		67C59992AD2F55A40B118D9D /* Pods-UnitTests.debug.xcconfig */ = {isa = PBXFileReference; includeInIndex = 1; lastKnownFileType = text.xcconfig; name = "Pods-UnitTests.debug.xcconfig"; path = "Pods/Target Support Files/Pods-UnitTests/Pods-UnitTests.debug.xcconfig"; sourceTree = "<group>"; };
		82A95A8B3FE4C88E69ED346C /* Pods-IntegrationTests.release.xcconfig */ = {isa = PBXFileReference; includeInIndex = 1; lastKnownFileType = text.xcconfig; name = "Pods-IntegrationTests.release.xcconfig"; path = "Pods/Target Support Files/Pods-IntegrationTests/Pods-IntegrationTests.release.xcconfig"; sourceTree = "<group>"; };
		8F82673939066E75BC1F3808 /* Pods-Stiletto.debug.xcconfig */ = {isa = PBXFileReference; includeInIndex = 1; lastKnownFileType = text.xcconfig; name = "Pods-Stiletto.debug.xcconfig"; path = "Pods/Target Support Files/Pods-Stiletto/Pods-Stiletto.debug.xcconfig"; sourceTree = "<group>"; };
		B27E4965A1AA31D8230A6CFC /* Pods_UnitTests.framework */ = {isa = PBXFileReference; explicitFileType = wrapper.framework; includeInIndex = 0; path = Pods_UnitTests.framework; sourceTree = BUILT_PRODUCTS_DIR; };
		C2DF7A4A874BC50721FB55B9 /* Pods-IntegrationTests.debug.xcconfig */ = {isa = PBXFileReference; includeInIndex = 1; lastKnownFileType = text.xcconfig; name = "Pods-IntegrationTests.debug.xcconfig"; path = "Pods/Target Support Files/Pods-IntegrationTests/Pods-IntegrationTests.debug.xcconfig"; sourceTree = "<group>"; };
		CD05751020C2A5A600C6995B /* SourceryRuntime.framework */ = {isa = PBXFileReference; lastKnownFileType = wrapper.framework; name = SourceryRuntime.framework; path = Carthage/Build/Mac/SourceryRuntime.framework; sourceTree = "<group>"; };
		CD05754D20C3015E00C6995B /* FactoryDefinition.swift */ = {isa = PBXFileReference; lastKnownFileType = sourcecode.swift; path = FactoryDefinition.swift; sourceTree = "<group>"; };
		CD05754F20C304E500C6995B /* Utils.swift */ = {isa = PBXFileReference; lastKnownFileType = sourcecode.swift; path = Utils.swift; sourceTree = "<group>"; };
		CD05755E20C3DD8600C6995B /* UnitTests.xctest */ = {isa = PBXFileReference; explicitFileType = wrapper.cfbundle; includeInIndex = 0; path = UnitTests.xctest; sourceTree = BUILT_PRODUCTS_DIR; };
		CD05756220C3DD8600C6995B /* Info.plist */ = {isa = PBXFileReference; lastKnownFileType = text.plist.xml; path = Info.plist; sourceTree = "<group>"; };
		CD05756920C3DEF100C6995B /* FactoryDefinitionSpec.swift */ = {isa = PBXFileReference; lastKnownFileType = sourcecode.swift; path = FactoryDefinitionSpec.swift; sourceTree = "<group>"; };
		CD05757020C3F6EA00C6995B /* FactoryDefinition.swifttemplate */ = {isa = PBXFileReference; lastKnownFileType = text; path = FactoryDefinition.swifttemplate; sourceTree = "<group>"; };
		CDD9F51620B85D1100FBB87F /* Stiletto.framework */ = {isa = PBXFileReference; explicitFileType = wrapper.framework; includeInIndex = 0; path = Stiletto.framework; sourceTree = BUILT_PRODUCTS_DIR; };
		CDD9F51A20B85D1100FBB87F /* Info.plist */ = {isa = PBXFileReference; lastKnownFileType = text.plist.xml; path = Info.plist; sourceTree = "<group>"; };
		CDD9F51F20B85D1100FBB87F /* IntegrationTests.xctest */ = {isa = PBXFileReference; explicitFileType = wrapper.cfbundle; includeInIndex = 0; path = IntegrationTests.xctest; sourceTree = BUILT_PRODUCTS_DIR; };
		CDD9F52620B85D1100FBB87F /* Info.plist */ = {isa = PBXFileReference; lastKnownFileType = text.plist.xml; path = Info.plist; sourceTree = "<group>"; };
		CDD9F53120B85EFB00FBB87F /* GeneratedCode.swift */ = {isa = PBXFileReference; lastKnownFileType = sourcecode.swift; path = GeneratedCode.swift; sourceTree = "<group>"; };
		CDD9F53820B8619300FBB87F /* ComponentSpec.swift */ = {isa = PBXFileReference; fileEncoding = 4; lastKnownFileType = sourcecode.swift; path = ComponentSpec.swift; sourceTree = "<group>"; };
		CDD9F53A20B8625500FBB87F /* Stiletto.swifttemplate */ = {isa = PBXFileReference; lastKnownFileType = text; path = Stiletto.swifttemplate; sourceTree = "<group>"; xcLanguageSpecificationIdentifier = "<none>"; };
/* End PBXFileReference section */

/* Begin PBXFrameworksBuildPhase section */
		CD05755B20C3DD8600C6995B /* Frameworks */ = {
			isa = PBXFrameworksBuildPhase;
			buildActionMask = 2147483647;
			files = (
				CD05756C20C3E55500C6995B /* SourceryRuntime.framework in Frameworks */,
				CD05756320C3DD8600C6995B /* Stiletto.framework in Frameworks */,
				B64722A2696F234816C9671E /* Pods_UnitTests.framework in Frameworks */,
			);
			runOnlyForDeploymentPostprocessing = 0;
		};
		CDD9F51220B85D1100FBB87F /* Frameworks */ = {
			isa = PBXFrameworksBuildPhase;
			buildActionMask = 2147483647;
			files = (
				CD05756D20C3E56900C6995B /* SourceryRuntime.framework in Frameworks */,
				DC798A8660C6789040C0F907 /* Pods_Stiletto.framework in Frameworks */,
			);
			runOnlyForDeploymentPostprocessing = 0;
		};
		CDD9F51C20B85D1100FBB87F /* Frameworks */ = {
			isa = PBXFrameworksBuildPhase;
			buildActionMask = 2147483647;
			files = (
				CDD9F52020B85D1100FBB87F /* Stiletto.framework in Frameworks */,
				2795A58EB11CEF254D4640C7 /* Pods_Stiletto_Tests.framework in Frameworks */,
			);
			runOnlyForDeploymentPostprocessing = 0;
		};
/* End PBXFrameworksBuildPhase section */

/* Begin PBXGroup section */
		2611C8DB79C0994E5529E78D /* Frameworks */ = {
			isa = PBXGroup;
			children = (
				CD05751020C2A5A600C6995B /* SourceryRuntime.framework */,
				516F096072858C0B8D51046E /* Pods_Stiletto.framework */,
				28FD772090FDEB024B73D43D /* Pods_Stiletto_Tests.framework */,
				B27E4965A1AA31D8230A6CFC /* Pods_UnitTests.framework */,
			);
			name = Frameworks;
			sourceTree = "<group>";
		};
		373CCF53DF902A97F72E4791 /* Pods */ = {
			isa = PBXGroup;
			children = (
				C2DF7A4A874BC50721FB55B9 /* Pods-IntegrationTests.debug.xcconfig */,
				82A95A8B3FE4C88E69ED346C /* Pods-IntegrationTests.release.xcconfig */,
				67C59992AD2F55A40B118D9D /* Pods-UnitTests.debug.xcconfig */,
				22F13B837DBD8092CEFB679D /* Pods-UnitTests.release.xcconfig */,
				8F82673939066E75BC1F3808 /* Pods-Stiletto.debug.xcconfig */,
				1E2792BADE2D5863228204FC /* Pods-Stiletto.release.xcconfig */,
			);
			name = Pods;
			sourceTree = "<group>";
		};
		CD05755820C3DC8A00C6995B /* Templates */ = {
			isa = PBXGroup;
			children = (
				CDD9F53A20B8625500FBB87F /* Stiletto.swifttemplate */,
				CD05757020C3F6EA00C6995B /* FactoryDefinition.swifttemplate */,
			);
			path = Templates;
			sourceTree = "<group>";
		};
		CD05755F20C3DD8600C6995B /* UnitTests */ = {
			isa = PBXGroup;
			children = (
				CD05756220C3DD8600C6995B /* Info.plist */,
				CD05756920C3DEF100C6995B /* FactoryDefinitionSpec.swift */,
			);
			path = UnitTests;
			sourceTree = "<group>";
		};
		CDD9F50C20B85D1100FBB87F = {
			isa = PBXGroup;
			children = (
				CD05755820C3DC8A00C6995B /* Templates */,
				CDD9F51820B85D1100FBB87F /* Sources */,
				CDD9F52320B85D1100FBB87F /* IntegrationTests */,
				CD05755F20C3DD8600C6995B /* UnitTests */,
				CDD9F51720B85D1100FBB87F /* Products */,
				373CCF53DF902A97F72E4791 /* Pods */,
				2611C8DB79C0994E5529E78D /* Frameworks */,
			);
			sourceTree = "<group>";
		};
		CDD9F51720B85D1100FBB87F /* Products */ = {
			isa = PBXGroup;
			children = (
				CDD9F51620B85D1100FBB87F /* Stiletto.framework */,
				CDD9F51F20B85D1100FBB87F /* IntegrationTests.xctest */,
				CD05755E20C3DD8600C6995B /* UnitTests.xctest */,
			);
			name = Products;
			sourceTree = "<group>";
		};
		CDD9F51820B85D1100FBB87F /* Sources */ = {
			isa = PBXGroup;
			children = (
				CD05754D20C3015E00C6995B /* FactoryDefinition.swift */,
				CD05754F20C304E500C6995B /* Utils.swift */,
				CDD9F51A20B85D1100FBB87F /* Info.plist */,
			);
			path = Sources;
			sourceTree = "<group>";
		};
		CDD9F52320B85D1100FBB87F /* IntegrationTests */ = {
			isa = PBXGroup;
			children = (
				CDD9F53820B8619300FBB87F /* ComponentSpec.swift */,
				CDD9F53120B85EFB00FBB87F /* GeneratedCode.swift */,
				CDD9F52620B85D1100FBB87F /* Info.plist */,
			);
			path = IntegrationTests;
			sourceTree = "<group>";
		};
/* End PBXGroup section */

/* Begin PBXHeadersBuildPhase section */
		CDD9F51320B85D1100FBB87F /* Headers */ = {
			isa = PBXHeadersBuildPhase;
			buildActionMask = 2147483647;
			files = (
			);
			runOnlyForDeploymentPostprocessing = 0;
		};
/* End PBXHeadersBuildPhase section */

/* Begin PBXNativeTarget section */
		CD05755D20C3DD8600C6995B /* UnitTests */ = {
			isa = PBXNativeTarget;
			buildConfigurationList = CD05756620C3DD8600C6995B /* Build configuration list for PBXNativeTarget "UnitTests" */;
			buildPhases = (
				7997CFFF995798D02420B744 /* [CP] Check Pods Manifest.lock */,
				CD05755A20C3DD8600C6995B /* Sources */,
				CD05755B20C3DD8600C6995B /* Frameworks */,
				CD05755C20C3DD8600C6995B /* Resources */,
				44822F96D877655B2CDBDF64 /* [CP] Embed Pods Frameworks */,
				CD05756E20C3E56E00C6995B /* Copy Carthage Frameworks */,
			);
			buildRules = (
			);
			dependencies = (
				CD05756520C3DD8600C6995B /* PBXTargetDependency */,
			);
			name = UnitTests;
			productName = Tests;
			productReference = CD05755E20C3DD8600C6995B /* UnitTests.xctest */;
			productType = "com.apple.product-type.bundle.unit-test";
		};
		CDD9F51520B85D1100FBB87F /* Stiletto */ = {
			isa = PBXNativeTarget;
			buildConfigurationList = CDD9F52A20B85D1100FBB87F /* Build configuration list for PBXNativeTarget "Stiletto" */;
			buildPhases = (
				5319C8D60DDCCB1B274E0D3F /* [CP] Check Pods Manifest.lock */,
				CDD9F51120B85D1100FBB87F /* Sources */,
				CDD9F51220B85D1100FBB87F /* Frameworks */,
				CDD9F51320B85D1100FBB87F /* Headers */,
				CDD9F51420B85D1100FBB87F /* Resources */,
				CD05756B20C3DF6B00C6995B /* SwiftLint */,
				CD05755720C3DC3300C6995B /* Generate Template */,
			);
			buildRules = (
			);
			dependencies = (
			);
			name = Stiletto;
			productName = Stiletto;
			productReference = CDD9F51620B85D1100FBB87F /* Stiletto.framework */;
			productType = "com.apple.product-type.framework";
		};
		CDD9F51E20B85D1100FBB87F /* IntegrationTests */ = {
			isa = PBXNativeTarget;
			buildConfigurationList = CDD9F52D20B85D1100FBB87F /* Build configuration list for PBXNativeTarget "IntegrationTests" */;
			buildPhases = (
				B12C39AD649CD20DE7B8DC53 /* [CP] Check Pods Manifest.lock */,
				CDD9F53320B85F2B00FBB87F /* Sourcery */,
				CDD9F51B20B85D1100FBB87F /* Sources */,
				CDD9F51C20B85D1100FBB87F /* Frameworks */,
				CDD9F51D20B85D1100FBB87F /* Resources */,
				BCC91960B827C9F933CE36FD /* [CP] Embed Pods Frameworks */,
			);
			buildRules = (
			);
			dependencies = (
				CDD9F52220B85D1100FBB87F /* PBXTargetDependency */,
			);
			name = IntegrationTests;
			productName = StilettoTests;
			productReference = CDD9F51F20B85D1100FBB87F /* IntegrationTests.xctest */;
			productType = "com.apple.product-type.bundle.unit-test";
		};
/* End PBXNativeTarget section */

/* Begin PBXProject section */
		CDD9F50D20B85D1100FBB87F /* Project object */ = {
			isa = PBXProject;
			attributes = {
				LastSwiftUpdateCheck = 0930;
				LastUpgradeCheck = 0930;
				ORGANIZATIONNAME = jakubvano;
				TargetAttributes = {
					CD05755D20C3DD8600C6995B = {
						CreatedOnToolsVersion = 9.3;
					};
					CDD9F51520B85D1100FBB87F = {
						CreatedOnToolsVersion = 9.3;
					};
					CDD9F51E20B85D1100FBB87F = {
						CreatedOnToolsVersion = 9.3;
					};
				};
			};
			buildConfigurationList = CDD9F51020B85D1100FBB87F /* Build configuration list for PBXProject "Stiletto" */;
			compatibilityVersion = "Xcode 9.3";
			developmentRegion = en;
			hasScannedForEncodings = 0;
			knownRegions = (
				en,
			);
			mainGroup = CDD9F50C20B85D1100FBB87F;
			productRefGroup = CDD9F51720B85D1100FBB87F /* Products */;
			projectDirPath = "";
			projectRoot = "";
			targets = (
				CDD9F51520B85D1100FBB87F /* Stiletto */,
				CD05755D20C3DD8600C6995B /* UnitTests */,
				CDD9F51E20B85D1100FBB87F /* IntegrationTests */,
			);
		};
/* End PBXProject section */

/* Begin PBXResourcesBuildPhase section */
		CD05755C20C3DD8600C6995B /* Resources */ = {
			isa = PBXResourcesBuildPhase;
			buildActionMask = 2147483647;
			files = (
			);
			runOnlyForDeploymentPostprocessing = 0;
		};
		CDD9F51420B85D1100FBB87F /* Resources */ = {
			isa = PBXResourcesBuildPhase;
			buildActionMask = 2147483647;
			files = (
			);
			runOnlyForDeploymentPostprocessing = 0;
		};
		CDD9F51D20B85D1100FBB87F /* Resources */ = {
			isa = PBXResourcesBuildPhase;
			buildActionMask = 2147483647;
			files = (
			);
			runOnlyForDeploymentPostprocessing = 0;
		};
/* End PBXResourcesBuildPhase section */

/* Begin PBXShellScriptBuildPhase section */
		44822F96D877655B2CDBDF64 /* [CP] Embed Pods Frameworks */ = {
			isa = PBXShellScriptBuildPhase;
			buildActionMask = 2147483647;
			files = (
			);
			inputPaths = (
				"${SRCROOT}/Pods/Target Support Files/Pods-UnitTests/Pods-UnitTests-frameworks.sh",
				"${BUILT_PRODUCTS_DIR}/Nimble/Nimble.framework",
				"${BUILT_PRODUCTS_DIR}/Quick/Quick.framework",
			);
			name = "[CP] Embed Pods Frameworks";
			outputPaths = (
				"${TARGET_BUILD_DIR}/${FRAMEWORKS_FOLDER_PATH}/Nimble.framework",
				"${TARGET_BUILD_DIR}/${FRAMEWORKS_FOLDER_PATH}/Quick.framework",
			);
			runOnlyForDeploymentPostprocessing = 0;
			shellPath = /bin/sh;
			shellScript = "\"${SRCROOT}/Pods/Target Support Files/Pods-UnitTests/Pods-UnitTests-frameworks.sh\"\n";
			showEnvVarsInLog = 0;
		};
		5319C8D60DDCCB1B274E0D3F /* [CP] Check Pods Manifest.lock */ = {
			isa = PBXShellScriptBuildPhase;
			buildActionMask = 2147483647;
			files = (
			);
			inputPaths = (
				"${PODS_PODFILE_DIR_PATH}/Podfile.lock",
				"${PODS_ROOT}/Manifest.lock",
			);
			name = "[CP] Check Pods Manifest.lock";
			outputPaths = (
				"$(DERIVED_FILE_DIR)/Pods-Stiletto-checkManifestLockResult.txt",
			);
			runOnlyForDeploymentPostprocessing = 0;
			shellPath = /bin/sh;
			shellScript = "diff \"${PODS_PODFILE_DIR_PATH}/Podfile.lock\" \"${PODS_ROOT}/Manifest.lock\" > /dev/null\nif [ $? != 0 ] ; then\n    # print error to STDERR\n    echo \"error: The sandbox is not in sync with the Podfile.lock. Run 'pod install' or update your CocoaPods installation.\" >&2\n    exit 1\nfi\n# This output is used by Xcode 'outputs' to avoid re-running this script phase.\necho \"SUCCESS\" > \"${SCRIPT_OUTPUT_FILE_0}\"\n";
			showEnvVarsInLog = 0;
		};
		7997CFFF995798D02420B744 /* [CP] Check Pods Manifest.lock */ = {
			isa = PBXShellScriptBuildPhase;
			buildActionMask = 2147483647;
			files = (
			);
			inputPaths = (
				"${PODS_PODFILE_DIR_PATH}/Podfile.lock",
				"${PODS_ROOT}/Manifest.lock",
			);
			name = "[CP] Check Pods Manifest.lock";
			outputPaths = (
				"$(DERIVED_FILE_DIR)/Pods-UnitTests-checkManifestLockResult.txt",
			);
			runOnlyForDeploymentPostprocessing = 0;
			shellPath = /bin/sh;
			shellScript = "diff \"${PODS_PODFILE_DIR_PATH}/Podfile.lock\" \"${PODS_ROOT}/Manifest.lock\" > /dev/null\nif [ $? != 0 ] ; then\n    # print error to STDERR\n    echo \"error: The sandbox is not in sync with the Podfile.lock. Run 'pod install' or update your CocoaPods installation.\" >&2\n    exit 1\nfi\n# This output is used by Xcode 'outputs' to avoid re-running this script phase.\necho \"SUCCESS\" > \"${SCRIPT_OUTPUT_FILE_0}\"\n";
			showEnvVarsInLog = 0;
		};
		B12C39AD649CD20DE7B8DC53 /* [CP] Check Pods Manifest.lock */ = {
			isa = PBXShellScriptBuildPhase;
			buildActionMask = 2147483647;
			files = (
			);
			inputPaths = (
				"${PODS_PODFILE_DIR_PATH}/Podfile.lock",
				"${PODS_ROOT}/Manifest.lock",
			);
			name = "[CP] Check Pods Manifest.lock";
			outputPaths = (
				"$(DERIVED_FILE_DIR)/Pods-IntegrationTests-checkManifestLockResult.txt",
			);
			runOnlyForDeploymentPostprocessing = 0;
			shellPath = /bin/sh;
			shellScript = "diff \"${PODS_PODFILE_DIR_PATH}/Podfile.lock\" \"${PODS_ROOT}/Manifest.lock\" > /dev/null\nif [ $? != 0 ] ; then\n    # print error to STDERR\n    echo \"error: The sandbox is not in sync with the Podfile.lock. Run 'pod install' or update your CocoaPods installation.\" >&2\n    exit 1\nfi\n# This output is used by Xcode 'outputs' to avoid re-running this script phase.\necho \"SUCCESS\" > \"${SCRIPT_OUTPUT_FILE_0}\"\n";
			showEnvVarsInLog = 0;
		};
		BCC91960B827C9F933CE36FD /* [CP] Embed Pods Frameworks */ = {
			isa = PBXShellScriptBuildPhase;
			buildActionMask = 2147483647;
			files = (
			);
			inputPaths = (
				"${SRCROOT}/Pods/Target Support Files/Pods-IntegrationTests/Pods-IntegrationTests-frameworks.sh",
				"${BUILT_PRODUCTS_DIR}/Nimble/Nimble.framework",
				"${BUILT_PRODUCTS_DIR}/Quick/Quick.framework",
			);
			name = "[CP] Embed Pods Frameworks";
			outputPaths = (
				"${TARGET_BUILD_DIR}/${FRAMEWORKS_FOLDER_PATH}/Nimble.framework",
				"${TARGET_BUILD_DIR}/${FRAMEWORKS_FOLDER_PATH}/Quick.framework",
			);
			runOnlyForDeploymentPostprocessing = 0;
			shellPath = /bin/sh;
			shellScript = "\"${SRCROOT}/Pods/Target Support Files/Pods-IntegrationTests/Pods-IntegrationTests-frameworks.sh\"\n";
			showEnvVarsInLog = 0;
		};
		CD05755720C3DC3300C6995B /* Generate Template */ = {
			isa = PBXShellScriptBuildPhase;
			buildActionMask = 2147483647;
			files = (
			);
			inputPaths = (
			);
			name = "Generate Template";
			outputPaths = (
			);
			runOnlyForDeploymentPostprocessing = 0;
			shellPath = /bin/sh;
			shellScript = "TEMPLATE=$SRCROOT/Templates/Stiletto.swifttemplate\n\necho \"<%\" > $TEMPLATE\n\nfor FILE in $(find $SRCROOT/Sources -name \"[a-zA-Z]*.swift\")\ndo\ncat $FILE | sed '/import SourceryRuntime/d' >> $TEMPLATE\ndone\n\necho \"%>\" >> $TEMPLATE\n\n";
		};
		CD05756B20C3DF6B00C6995B /* SwiftLint */ = {
			isa = PBXShellScriptBuildPhase;
			buildActionMask = 2147483647;
			files = (
			);
			inputPaths = (
			);
			name = SwiftLint;
			outputPaths = (
			);
			runOnlyForDeploymentPostprocessing = 0;
			shellPath = /bin/sh;
			shellScript = "\"${PODS_ROOT}/SwiftLint/swiftlint\"";
		};
		CDD9F53320B85F2B00FBB87F /* Sourcery */ = {
			isa = PBXShellScriptBuildPhase;
			buildActionMask = 2147483647;
			files = (
			);
			inputPaths = (
			);
			name = Sourcery;
			outputPaths = (
			);
			runOnlyForDeploymentPostprocessing = 0;
			shellPath = /bin/sh;
			shellScript = "$PODS_ROOT/Sourcery/bin/sourcery --sources IntegrationTests --templates Templates --output IntegrationTests/GeneratedCode.swift\n";
		};
/* End PBXShellScriptBuildPhase section */

/* Begin PBXSourcesBuildPhase section */
		CD05755A20C3DD8600C6995B /* Sources */ = {
			isa = PBXSourcesBuildPhase;
			buildActionMask = 2147483647;
			files = (
				CD05756A20C3DEF100C6995B /* FactoryDefinitionSpec.swift in Sources */,
			);
			runOnlyForDeploymentPostprocessing = 0;
		};
		CDD9F51120B85D1100FBB87F /* Sources */ = {
			isa = PBXSourcesBuildPhase;
			buildActionMask = 2147483647;
			files = (
				CD05755520C3DC2500C6995B /* FactoryDefinition.swift in Sources */,
				CD05755620C3DC2500C6995B /* Utils.swift in Sources */,
			);
			runOnlyForDeploymentPostprocessing = 0;
		};
		CDD9F51B20B85D1100FBB87F /* Sources */ = {
			isa = PBXSourcesBuildPhase;
			buildActionMask = 2147483647;
			files = (
				CD05755920C3DD2B00C6995B /* ComponentSpec.swift in Sources */,
				CDD9F53220B85EFB00FBB87F /* GeneratedCode.swift in Sources */,
			);
			runOnlyForDeploymentPostprocessing = 0;
		};
/* End PBXSourcesBuildPhase section */

/* Begin PBXTargetDependency section */
		CD05756520C3DD8600C6995B /* PBXTargetDependency */ = {
			isa = PBXTargetDependency;
			target = CDD9F51520B85D1100FBB87F /* Stiletto */;
			targetProxy = CD05756420C3DD8600C6995B /* PBXContainerItemProxy */;
		};
		CDD9F52220B85D1100FBB87F /* PBXTargetDependency */ = {
			isa = PBXTargetDependency;
			target = CDD9F51520B85D1100FBB87F /* Stiletto */;
			targetProxy = CDD9F52120B85D1100FBB87F /* PBXContainerItemProxy */;
		};
/* End PBXTargetDependency section */

/* Begin XCBuildConfiguration section */
		CD05756720C3DD8600C6995B /* Debug */ = {
			isa = XCBuildConfiguration;
			baseConfigurationReference = 67C59992AD2F55A40B118D9D /* Pods-UnitTests.debug.xcconfig */;
			buildSettings = {
				CODE_SIGN_STYLE = Automatic;
				COMBINE_HIDPI_IMAGES = YES;
				DEVELOPMENT_TEAM = HZ49PR84ZP;
				FRAMEWORK_SEARCH_PATHS = (
					"$(inherited)",
					"$(PROJECT_DIR)/Carthage/Build/Mac",
				);
				INFOPLIST_FILE = UnitTests/Info.plist;
				LD_RUNPATH_SEARCH_PATHS = (
					"$(inherited)",
					"@executable_path/../Frameworks",
					"@loader_path/../Frameworks",
				);
				PRODUCT_BUNDLE_IDENTIFIER = com.jakubvano.Tests;
				PRODUCT_NAME = "$(TARGET_NAME)";
				SWIFT_VERSION = 4.0;
			};
			name = Debug;
		};
		CD05756820C3DD8600C6995B /* Release */ = {
			isa = XCBuildConfiguration;
			baseConfigurationReference = 22F13B837DBD8092CEFB679D /* Pods-UnitTests.release.xcconfig */;
			buildSettings = {
				CODE_SIGN_STYLE = Automatic;
				COMBINE_HIDPI_IMAGES = YES;
				DEVELOPMENT_TEAM = HZ49PR84ZP;
				FRAMEWORK_SEARCH_PATHS = (
					"$(inherited)",
					"$(PROJECT_DIR)/Carthage/Build/Mac",
				);
				INFOPLIST_FILE = UnitTests/Info.plist;
				LD_RUNPATH_SEARCH_PATHS = (
					"$(inherited)",
					"@executable_path/../Frameworks",
					"@loader_path/../Frameworks",
				);
				PRODUCT_BUNDLE_IDENTIFIER = com.jakubvano.Tests;
				PRODUCT_NAME = "$(TARGET_NAME)";
				SWIFT_VERSION = 4.0;
			};
			name = Release;
		};
		CDD9F52820B85D1100FBB87F /* Debug */ = {
			isa = XCBuildConfiguration;
			buildSettings = {
				ALWAYS_SEARCH_USER_PATHS = NO;
				CLANG_ANALYZER_NONNULL = YES;
				CLANG_ANALYZER_NUMBER_OBJECT_CONVERSION = YES_AGGRESSIVE;
				CLANG_CXX_LANGUAGE_STANDARD = "gnu++14";
				CLANG_CXX_LIBRARY = "libc++";
				CLANG_ENABLE_MODULES = YES;
				CLANG_ENABLE_OBJC_ARC = YES;
				CLANG_ENABLE_OBJC_WEAK = YES;
				CLANG_WARN_BLOCK_CAPTURE_AUTORELEASING = YES;
				CLANG_WARN_BOOL_CONVERSION = YES;
				CLANG_WARN_COMMA = YES;
				CLANG_WARN_CONSTANT_CONVERSION = YES;
				CLANG_WARN_DEPRECATED_OBJC_IMPLEMENTATIONS = YES;
				CLANG_WARN_DIRECT_OBJC_ISA_USAGE = YES_ERROR;
				CLANG_WARN_DOCUMENTATION_COMMENTS = YES;
				CLANG_WARN_EMPTY_BODY = YES;
				CLANG_WARN_ENUM_CONVERSION = YES;
				CLANG_WARN_INFINITE_RECURSION = YES;
				CLANG_WARN_INT_CONVERSION = YES;
				CLANG_WARN_NON_LITERAL_NULL_CONVERSION = YES;
				CLANG_WARN_OBJC_IMPLICIT_RETAIN_SELF = YES;
				CLANG_WARN_OBJC_LITERAL_CONVERSION = YES;
				CLANG_WARN_OBJC_ROOT_CLASS = YES_ERROR;
				CLANG_WARN_RANGE_LOOP_ANALYSIS = YES;
				CLANG_WARN_STRICT_PROTOTYPES = YES;
				CLANG_WARN_SUSPICIOUS_MOVE = YES;
				CLANG_WARN_UNGUARDED_AVAILABILITY = YES_AGGRESSIVE;
				CLANG_WARN_UNREACHABLE_CODE = YES;
				CLANG_WARN__DUPLICATE_METHOD_MATCH = YES;
				CODE_SIGN_IDENTITY = "Mac Developer";
				COPY_PHASE_STRIP = NO;
				CURRENT_PROJECT_VERSION = 1;
				DEBUG_INFORMATION_FORMAT = dwarf;
				ENABLE_STRICT_OBJC_MSGSEND = YES;
				ENABLE_TESTABILITY = YES;
				GCC_C_LANGUAGE_STANDARD = gnu11;
				GCC_DYNAMIC_NO_PIC = NO;
				GCC_NO_COMMON_BLOCKS = YES;
				GCC_OPTIMIZATION_LEVEL = 0;
				GCC_PREPROCESSOR_DEFINITIONS = (
					"DEBUG=1",
					"$(inherited)",
				);
				GCC_WARN_64_TO_32_BIT_CONVERSION = YES;
				GCC_WARN_ABOUT_RETURN_TYPE = YES_ERROR;
				GCC_WARN_UNDECLARED_SELECTOR = YES;
				GCC_WARN_UNINITIALIZED_AUTOS = YES_AGGRESSIVE;
				GCC_WARN_UNUSED_FUNCTION = YES;
				GCC_WARN_UNUSED_VARIABLE = YES;
				MACOSX_DEPLOYMENT_TARGET = 10.13;
				MTL_ENABLE_DEBUG_INFO = YES;
				ONLY_ACTIVE_ARCH = YES;
				SDKROOT = macosx;
				SWIFT_ACTIVE_COMPILATION_CONDITIONS = DEBUG;
				SWIFT_OPTIMIZATION_LEVEL = "-Onone";
				VERSIONING_SYSTEM = "apple-generic";
				VERSION_INFO_PREFIX = "";
			};
			name = Debug;
		};
		CDD9F52920B85D1100FBB87F /* Release */ = {
			isa = XCBuildConfiguration;
			buildSettings = {
				ALWAYS_SEARCH_USER_PATHS = NO;
				CLANG_ANALYZER_NONNULL = YES;
				CLANG_ANALYZER_NUMBER_OBJECT_CONVERSION = YES_AGGRESSIVE;
				CLANG_CXX_LANGUAGE_STANDARD = "gnu++14";
				CLANG_CXX_LIBRARY = "libc++";
				CLANG_ENABLE_MODULES = YES;
				CLANG_ENABLE_OBJC_ARC = YES;
				CLANG_ENABLE_OBJC_WEAK = YES;
				CLANG_WARN_BLOCK_CAPTURE_AUTORELEASING = YES;
				CLANG_WARN_BOOL_CONVERSION = YES;
				CLANG_WARN_COMMA = YES;
				CLANG_WARN_CONSTANT_CONVERSION = YES;
				CLANG_WARN_DEPRECATED_OBJC_IMPLEMENTATIONS = YES;
				CLANG_WARN_DIRECT_OBJC_ISA_USAGE = YES_ERROR;
				CLANG_WARN_DOCUMENTATION_COMMENTS = YES;
				CLANG_WARN_EMPTY_BODY = YES;
				CLANG_WARN_ENUM_CONVERSION = YES;
				CLANG_WARN_INFINITE_RECURSION = YES;
				CLANG_WARN_INT_CONVERSION = YES;
				CLANG_WARN_NON_LITERAL_NULL_CONVERSION = YES;
				CLANG_WARN_OBJC_IMPLICIT_RETAIN_SELF = YES;
				CLANG_WARN_OBJC_LITERAL_CONVERSION = YES;
				CLANG_WARN_OBJC_ROOT_CLASS = YES_ERROR;
				CLANG_WARN_RANGE_LOOP_ANALYSIS = YES;
				CLANG_WARN_STRICT_PROTOTYPES = YES;
				CLANG_WARN_SUSPICIOUS_MOVE = YES;
				CLANG_WARN_UNGUARDED_AVAILABILITY = YES_AGGRESSIVE;
				CLANG_WARN_UNREACHABLE_CODE = YES;
				CLANG_WARN__DUPLICATE_METHOD_MATCH = YES;
				CODE_SIGN_IDENTITY = "Mac Developer";
				COPY_PHASE_STRIP = NO;
				CURRENT_PROJECT_VERSION = 1;
				DEBUG_INFORMATION_FORMAT = "dwarf-with-dsym";
				ENABLE_NS_ASSERTIONS = NO;
				ENABLE_STRICT_OBJC_MSGSEND = YES;
				GCC_C_LANGUAGE_STANDARD = gnu11;
				GCC_NO_COMMON_BLOCKS = YES;
				GCC_WARN_64_TO_32_BIT_CONVERSION = YES;
				GCC_WARN_ABOUT_RETURN_TYPE = YES_ERROR;
				GCC_WARN_UNDECLARED_SELECTOR = YES;
				GCC_WARN_UNINITIALIZED_AUTOS = YES_AGGRESSIVE;
				GCC_WARN_UNUSED_FUNCTION = YES;
				GCC_WARN_UNUSED_VARIABLE = YES;
				MACOSX_DEPLOYMENT_TARGET = 10.13;
				MTL_ENABLE_DEBUG_INFO = NO;
				SDKROOT = macosx;
				SWIFT_COMPILATION_MODE = wholemodule;
				SWIFT_OPTIMIZATION_LEVEL = "-O";
				VERSIONING_SYSTEM = "apple-generic";
				VERSION_INFO_PREFIX = "";
			};
			name = Release;
		};
		CDD9F52B20B85D1100FBB87F /* Debug */ = {
			isa = XCBuildConfiguration;
			baseConfigurationReference = 8F82673939066E75BC1F3808 /* Pods-Stiletto.debug.xcconfig */;
			buildSettings = {
				CODE_SIGN_IDENTITY = "";
				CODE_SIGN_STYLE = Automatic;
				COMBINE_HIDPI_IMAGES = YES;
				DEFINES_MODULE = YES;
				DEVELOPMENT_TEAM = HZ49PR84ZP;
				DYLIB_COMPATIBILITY_VERSION = 1;
				DYLIB_CURRENT_VERSION = 1;
				DYLIB_INSTALL_NAME_BASE = "@rpath";
				FRAMEWORK_SEARCH_PATHS = (
					"$(inherited)",
					"$(PROJECT_DIR)/Carthage/Build/Mac",
				);
				FRAMEWORK_VERSION = A;
				INFOPLIST_FILE = Sources/Info.plist;
				INSTALL_PATH = "$(LOCAL_LIBRARY_DIR)/Frameworks";
				LD_RUNPATH_SEARCH_PATHS = (
					"$(inherited)",
					"@executable_path/../Frameworks",
					"@loader_path/Frameworks",
				);
				PRODUCT_BUNDLE_IDENTIFIER = com.jakubvano.Stiletto;
				PRODUCT_NAME = "$(TARGET_NAME:c99extidentifier)";
				SKIP_INSTALL = YES;
				SWIFT_VERSION = 4.0;
			};
			name = Debug;
		};
		CDD9F52C20B85D1100FBB87F /* Release */ = {
			isa = XCBuildConfiguration;
			baseConfigurationReference = 1E2792BADE2D5863228204FC /* Pods-Stiletto.release.xcconfig */;
			buildSettings = {
				CODE_SIGN_IDENTITY = "";
				CODE_SIGN_STYLE = Automatic;
				COMBINE_HIDPI_IMAGES = YES;
				DEFINES_MODULE = YES;
				DEVELOPMENT_TEAM = HZ49PR84ZP;
				DYLIB_COMPATIBILITY_VERSION = 1;
				DYLIB_CURRENT_VERSION = 1;
				DYLIB_INSTALL_NAME_BASE = "@rpath";
				FRAMEWORK_SEARCH_PATHS = (
					"$(inherited)",
					"$(PROJECT_DIR)/Carthage/Build/Mac",
				);
				FRAMEWORK_VERSION = A;
				INFOPLIST_FILE = Sources/Info.plist;
				INSTALL_PATH = "$(LOCAL_LIBRARY_DIR)/Frameworks";
				LD_RUNPATH_SEARCH_PATHS = (
					"$(inherited)",
					"@executable_path/../Frameworks",
					"@loader_path/Frameworks",
				);
				PRODUCT_BUNDLE_IDENTIFIER = com.jakubvano.Stiletto;
				PRODUCT_NAME = "$(TARGET_NAME:c99extidentifier)";
				SKIP_INSTALL = YES;
				SWIFT_VERSION = 4.0;
			};
			name = Release;
		};
		CDD9F52E20B85D1100FBB87F /* Debug */ = {
			isa = XCBuildConfiguration;
			baseConfigurationReference = C2DF7A4A874BC50721FB55B9 /* Pods-IntegrationTests.debug.xcconfig */;
			buildSettings = {
				CODE_SIGN_STYLE = Automatic;
				COMBINE_HIDPI_IMAGES = YES;
				DEVELOPMENT_TEAM = HZ49PR84ZP;
				INFOPLIST_FILE = IntegrationTests/Info.plist;
				LD_RUNPATH_SEARCH_PATHS = (
					"$(inherited)",
					"@executable_path/../Frameworks",
					"@loader_path/../Frameworks",
				);
				PRODUCT_BUNDLE_IDENTIFIER = com.jakubvano.StilettoTests;
				PRODUCT_NAME = "$(TARGET_NAME)";
				SWIFT_VERSION = 4.0;
			};
			name = Debug;
		};
		CDD9F52F20B85D1100FBB87F /* Release */ = {
			isa = XCBuildConfiguration;
			baseConfigurationReference = 82A95A8B3FE4C88E69ED346C /* Pods-IntegrationTests.release.xcconfig */;
			buildSettings = {
				CODE_SIGN_STYLE = Automatic;
				COMBINE_HIDPI_IMAGES = YES;
				DEVELOPMENT_TEAM = HZ49PR84ZP;
				INFOPLIST_FILE = IntegrationTests/Info.plist;
				LD_RUNPATH_SEARCH_PATHS = (
					"$(inherited)",
					"@executable_path/../Frameworks",
					"@loader_path/../Frameworks",
				);
				PRODUCT_BUNDLE_IDENTIFIER = com.jakubvano.StilettoTests;
				PRODUCT_NAME = "$(TARGET_NAME)";
				SWIFT_VERSION = 4.0;
			};
			name = Release;
		};
/* End XCBuildConfiguration section */

/* Begin XCConfigurationList section */
		CD05756620C3DD8600C6995B /* Build configuration list for PBXNativeTarget "UnitTests" */ = {
			isa = XCConfigurationList;
			buildConfigurations = (
				CD05756720C3DD8600C6995B /* Debug */,
				CD05756820C3DD8600C6995B /* Release */,
			);
			defaultConfigurationIsVisible = 0;
			defaultConfigurationName = Release;
		};
		CDD9F51020B85D1100FBB87F /* Build configuration list for PBXProject "Stiletto" */ = {
			isa = XCConfigurationList;
			buildConfigurations = (
				CDD9F52820B85D1100FBB87F /* Debug */,
				CDD9F52920B85D1100FBB87F /* Release */,
			);
			defaultConfigurationIsVisible = 0;
			defaultConfigurationName = Release;
		};
		CDD9F52A20B85D1100FBB87F /* Build configuration list for PBXNativeTarget "Stiletto" */ = {
			isa = XCConfigurationList;
			buildConfigurations = (
				CDD9F52B20B85D1100FBB87F /* Debug */,
				CDD9F52C20B85D1100FBB87F /* Release */,
			);
			defaultConfigurationIsVisible = 0;
			defaultConfigurationName = Release;
		};
		CDD9F52D20B85D1100FBB87F /* Build configuration list for PBXNativeTarget "IntegrationTests" */ = {
			isa = XCConfigurationList;
			buildConfigurations = (
				CDD9F52E20B85D1100FBB87F /* Debug */,
				CDD9F52F20B85D1100FBB87F /* Release */,
			);
			defaultConfigurationIsVisible = 0;
			defaultConfigurationName = Release;
		};
/* End XCConfigurationList section */
	};
	rootObject = CDD9F50D20B85D1100FBB87F /* Project object */;
}
